github.com/dlasky/gotk3-layershell v0.0.0-20240515133811-5c5115f0d774 h1:o87OVL4olQBlVwN3+NSVQpS6gj9FWUYtxOfHXWZigUE=
github.com/dlasky/gotk3-layershell v0.0.0-20240515133811-5c5115f0d774/go.mod h1:JHLx2Wz4mAPVwn4PFhC69ydwyHP4A3wQvlg7HKVVc1U=
github.com/gotk3/gotk3 v0.6.1/go.mod h1:/hqFpkNa9T3JgNAE2fLvCdov7c5bw//FHNZrZ3Uv9/Q=
github.com/gotk3/gotk3 v0.6.5-0.20240618185848-ff349ae13f56 h1:eR+xxC8qqKuPMTucZqaklBxLIT7/4L7dzhlwKMrDbj8=
github.com/gotk3/gotk3 v0.6.5-0.20240618185848-ff349ae13f56/go.mod h1:/hqFpkNa9T3JgNAE2fLvCdov7c5bw//FHNZrZ3Uv9/Q=
